// !$*UTF8*$!
{
	archiveVersion = 1;
	classes = {
	};
	objectVersion = 55;
	objects = {

/* Begin PBXBuildFile section */
		E51D81E6284899B7005A22B0 /* LoggedHabit.swift in Sources */ = {isa = PBXBuildFile; fileRef = E51D81E5284899B7005A22B0 /* LoggedHabit.swift */; };
		E51D81E82848A3D0005A22B0 /* LeaderboardHabitCollectionViewCell.swift in Sources */ = {isa = PBXBuildFile; fileRef = E51D81E72848A3D0005A22B0 /* LeaderboardHabitCollectionViewCell.swift */; };
		E51D81EA2848EF1F005A22B0 /* CombinedStats.swift in Sources */ = {isa = PBXBuildFile; fileRef = E51D81E92848EF1F005A22B0 /* CombinedStats.swift */; };
		E571BB19284A93100088787A /* SupplementaryItem.swift in Sources */ = {isa = PBXBuildFile; fileRef = E571BB18284A930F0088787A /* SupplementaryItem.swift */; };
		E5F6861428466D54003426B5 /* AppDelegate.swift in Sources */ = {isa = PBXBuildFile; fileRef = E5F6861328466D54003426B5 /* AppDelegate.swift */; };
		E5F6861628466D54003426B5 /* SceneDelegate.swift in Sources */ = {isa = PBXBuildFile; fileRef = E5F6861528466D54003426B5 /* SceneDelegate.swift */; };
		E5F6861B28466D54003426B5 /* Main.storyboard in Resources */ = {isa = PBXBuildFile; fileRef = E5F6861928466D54003426B5 /* Main.storyboard */; };
		E5F6861D28466D57003426B5 /* Assets.xcassets in Resources */ = {isa = PBXBuildFile; fileRef = E5F6861C28466D57003426B5 /* Assets.xcassets */; };
		E5F6862028466D57003426B5 /* LaunchScreen.storyboard in Resources */ = {isa = PBXBuildFile; fileRef = E5F6861E28466D57003426B5 /* LaunchScreen.storyboard */; };
		E5F686282846892B003426B5 /* HomeCollectionViewController.swift in Sources */ = {isa = PBXBuildFile; fileRef = E5F686272846892B003426B5 /* HomeCollectionViewController.swift */; };
		E5F6862A28468948003426B5 /* HabitCollectionViewController.swift in Sources */ = {isa = PBXBuildFile; fileRef = E5F6862928468948003426B5 /* HabitCollectionViewController.swift */; };
		E5F6862C28468956003426B5 /* UserCollectionViewController.swift in Sources */ = {isa = PBXBuildFile; fileRef = E5F6862B28468956003426B5 /* UserCollectionViewController.swift */; };
		E5F6862E28468969003426B5 /* LogHabitCollectionViewController.swift in Sources */ = {isa = PBXBuildFile; fileRef = E5F6862D28468969003426B5 /* LogHabitCollectionViewController.swift */; };
		E5F6863028468B1A003426B5 /* HabitDetailViewController.swift in Sources */ = {isa = PBXBuildFile; fileRef = E5F6862F28468B1A003426B5 /* HabitDetailViewController.swift */; };
		E5F6863228468B34003426B5 /* UserDetailViewController.swift in Sources */ = {isa = PBXBuildFile; fileRef = E5F6863128468B34003426B5 /* UserDetailViewController.swift */; };
		E5F6863428469052003426B5 /* Habit.swift in Sources */ = {isa = PBXBuildFile; fileRef = E5F6863328469052003426B5 /* Habit.swift */; };
		E5F6863628469092003426B5 /* Category.swift in Sources */ = {isa = PBXBuildFile; fileRef = E5F6863528469092003426B5 /* Category.swift */; };
		E5F68638284690AD003426B5 /* Color.swift in Sources */ = {isa = PBXBuildFile; fileRef = E5F68637284690AD003426B5 /* Color.swift */; };
		E5F6863A284692A9003426B5 /* APIRequest.swift in Sources */ = {isa = PBXBuildFile; fileRef = E5F68639284692A9003426B5 /* APIRequest.swift */; };
		E5F6863C284698B1003426B5 /* APIServise.swift in Sources */ = {isa = PBXBuildFile; fileRef = E5F6863B284698B1003426B5 /* APIServise.swift */; };
		E5F6863E28469ACA003426B5 /* PrimarySecondaryTextCollectionViewCell.swift in Sources */ = {isa = PBXBuildFile; fileRef = E5F6863D28469ACA003426B5 /* PrimarySecondaryTextCollectionViewCell.swift */; };
		E5F686402846B4D6003426B5 /* Settings.swift in Sources */ = {isa = PBXBuildFile; fileRef = E5F6863F2846B4D6003426B5 /* Settings.swift */; };
		E5F686422846B8B2003426B5 /* UICollectionViewDiffableDataSource+ViewModel.swift in Sources */ = {isa = PBXBuildFile; fileRef = E5F686412846B8B2003426B5 /* UICollectionViewDiffableDataSource+ViewModel.swift */; };
		E5F686442846C7CC003426B5 /* NamedSectionHeaderView.swift in Sources */ = {isa = PBXBuildFile; fileRef = E5F686432846C7CC003426B5 /* NamedSectionHeaderView.swift */; };
		E5F686462846CB8B003426B5 /* User.swift in Sources */ = {isa = PBXBuildFile; fileRef = E5F686452846CB8B003426B5 /* User.swift */; };
		E5F6864828481085003426B5 /* HabitStatistics.swift in Sources */ = {isa = PBXBuildFile; fileRef = E5F6864728481085003426B5 /* HabitStatistics.swift */; };
		E5F6864A284810AD003426B5 /* UserCount.swift in Sources */ = {isa = PBXBuildFile; fileRef = E5F68649284810AD003426B5 /* UserCount.swift */; };
		E5F6864C28481E2C003426B5 /* UserStatistics.swift in Sources */ = {isa = PBXBuildFile; fileRef = E5F6864B28481E2C003426B5 /* UserStatistics.swift */; };
		E5F6864E28481E54003426B5 /* HabitCount.swift in Sources */ = {isa = PBXBuildFile; fileRef = E5F6864D28481E54003426B5 /* HabitCount.swift */; };
/* End PBXBuildFile section */

/* Begin PBXFileReference section */
		E51D81E5284899B7005A22B0 /* LoggedHabit.swift */ = {isa = PBXFileReference; lastKnownFileType = sourcecode.swift; path = LoggedHabit.swift; sourceTree = "<group>"; };
		E51D81E72848A3D0005A22B0 /* LeaderboardHabitCollectionViewCell.swift */ = {isa = PBXFileReference; lastKnownFileType = sourcecode.swift; path = LeaderboardHabitCollectionViewCell.swift; sourceTree = "<group>"; };
		E51D81E92848EF1F005A22B0 /* CombinedStats.swift */ = {isa = PBXFileReference; lastKnownFileType = sourcecode.swift; path = CombinedStats.swift; sourceTree = "<group>"; };
		E571BB18284A930F0088787A /* SupplementaryItem.swift */ = {isa = PBXFileReference; lastKnownFileType = sourcecode.swift; path = SupplementaryItem.swift; sourceTree = "<group>"; };
		E5F6861028466D54003426B5 /* Habits.app */ = {isa = PBXFileReference; explicitFileType = wrapper.application; includeInIndex = 0; path = Habits.app; sourceTree = BUILT_PRODUCTS_DIR; };
		E5F6861328466D54003426B5 /* AppDelegate.swift */ = {isa = PBXFileReference; lastKnownFileType = sourcecode.swift; path = AppDelegate.swift; sourceTree = "<group>"; };
		E5F6861528466D54003426B5 /* SceneDelegate.swift */ = {isa = PBXFileReference; lastKnownFileType = sourcecode.swift; path = SceneDelegate.swift; sourceTree = "<group>"; };
		E5F6861A28466D54003426B5 /* Base */ = {isa = PBXFileReference; lastKnownFileType = file.storyboard; name = Base; path = Base.lproj/Main.storyboard; sourceTree = "<group>"; };
		E5F6861C28466D57003426B5 /* Assets.xcassets */ = {isa = PBXFileReference; lastKnownFileType = folder.assetcatalog; path = Assets.xcassets; sourceTree = "<group>"; };
		E5F6861F28466D57003426B5 /* Base */ = {isa = PBXFileReference; lastKnownFileType = file.storyboard; name = Base; path = Base.lproj/LaunchScreen.storyboard; sourceTree = "<group>"; };
		E5F6862128466D57003426B5 /* Info.plist */ = {isa = PBXFileReference; lastKnownFileType = text.plist.xml; path = Info.plist; sourceTree = "<group>"; };
		E5F686272846892B003426B5 /* HomeCollectionViewController.swift */ = {isa = PBXFileReference; lastKnownFileType = sourcecode.swift; path = HomeCollectionViewController.swift; sourceTree = "<group>"; };
		E5F6862928468948003426B5 /* HabitCollectionViewController.swift */ = {isa = PBXFileReference; lastKnownFileType = sourcecode.swift; path = HabitCollectionViewController.swift; sourceTree = "<group>"; };
		E5F6862B28468956003426B5 /* UserCollectionViewController.swift */ = {isa = PBXFileReference; lastKnownFileType = sourcecode.swift; path = UserCollectionViewController.swift; sourceTree = "<group>"; };
		E5F6862D28468969003426B5 /* LogHabitCollectionViewController.swift */ = {isa = PBXFileReference; lastKnownFileType = sourcecode.swift; path = LogHabitCollectionViewController.swift; sourceTree = "<group>"; };
		E5F6862F28468B1A003426B5 /* HabitDetailViewController.swift */ = {isa = PBXFileReference; lastKnownFileType = sourcecode.swift; path = HabitDetailViewController.swift; sourceTree = "<group>"; };
		E5F6863128468B34003426B5 /* UserDetailViewController.swift */ = {isa = PBXFileReference; lastKnownFileType = sourcecode.swift; path = UserDetailViewController.swift; sourceTree = "<group>"; };
		E5F6863328469052003426B5 /* Habit.swift */ = {isa = PBXFileReference; lastKnownFileType = sourcecode.swift; path = Habit.swift; sourceTree = "<group>"; };
		E5F6863528469092003426B5 /* Category.swift */ = {isa = PBXFileReference; lastKnownFileType = sourcecode.swift; path = Category.swift; sourceTree = "<group>"; };
		E5F68637284690AD003426B5 /* Color.swift */ = {isa = PBXFileReference; lastKnownFileType = sourcecode.swift; path = Color.swift; sourceTree = "<group>"; };
		E5F68639284692A9003426B5 /* APIRequest.swift */ = {isa = PBXFileReference; lastKnownFileType = sourcecode.swift; path = APIRequest.swift; sourceTree = "<group>"; };
		E5F6863B284698B1003426B5 /* APIServise.swift */ = {isa = PBXFileReference; lastKnownFileType = sourcecode.swift; path = APIServise.swift; sourceTree = "<group>"; };
		E5F6863D28469ACA003426B5 /* PrimarySecondaryTextCollectionViewCell.swift */ = {isa = PBXFileReference; lastKnownFileType = sourcecode.swift; path = PrimarySecondaryTextCollectionViewCell.swift; sourceTree = "<group>"; };
		E5F6863F2846B4D6003426B5 /* Settings.swift */ = {isa = PBXFileReference; lastKnownFileType = sourcecode.swift; path = Settings.swift; sourceTree = "<group>"; };
		E5F686412846B8B2003426B5 /* UICollectionViewDiffableDataSource+ViewModel.swift */ = {isa = PBXFileReference; lastKnownFileType = sourcecode.swift; path = "UICollectionViewDiffableDataSource+ViewModel.swift"; sourceTree = "<group>"; };
		E5F686432846C7CC003426B5 /* NamedSectionHeaderView.swift */ = {isa = PBXFileReference; lastKnownFileType = sourcecode.swift; path = NamedSectionHeaderView.swift; sourceTree = "<group>"; };
		E5F686452846CB8B003426B5 /* User.swift */ = {isa = PBXFileReference; lastKnownFileType = sourcecode.swift; path = User.swift; sourceTree = "<group>"; };
		E5F6864728481085003426B5 /* HabitStatistics.swift */ = {isa = PBXFileReference; lastKnownFileType = sourcecode.swift; path = HabitStatistics.swift; sourceTree = "<group>"; };
		E5F68649284810AD003426B5 /* UserCount.swift */ = {isa = PBXFileReference; lastKnownFileType = sourcecode.swift; path = UserCount.swift; sourceTree = "<group>"; };
		E5F6864B28481E2C003426B5 /* UserStatistics.swift */ = {isa = PBXFileReference; lastKnownFileType = sourcecode.swift; path = UserStatistics.swift; sourceTree = "<group>"; };
		E5F6864D28481E54003426B5 /* HabitCount.swift */ = {isa = PBXFileReference; lastKnownFileType = sourcecode.swift; path = HabitCount.swift; sourceTree = "<group>"; };
/* End PBXFileReference section */

/* Begin PBXFrameworksBuildPhase section */
		E5F6860D28466D54003426B5 /* Frameworks */ = {
			isa = PBXFrameworksBuildPhase;
			buildActionMask = 2147483647;
			files = (
			);
			runOnlyForDeploymentPostprocessing = 0;
		};
/* End PBXFrameworksBuildPhase section */

/* Begin PBXGroup section */
		E571BB14284A80AF0088787A /* Requests */ = {
			isa = PBXGroup;
			children = (
				E5F68639284692A9003426B5 /* APIRequest.swift */,
				E5F6863B284698B1003426B5 /* APIServise.swift */,
				E5F686412846B8B2003426B5 /* UICollectionViewDiffableDataSource+ViewModel.swift */,
				E571BB18284A930F0088787A /* SupplementaryItem.swift */,
			);
			path = Requests;
			sourceTree = "<group>";
		};
		E571BB15284A80BA0088787A /* Views */ = {
			isa = PBXGroup;
			children = (
				E5F6863D28469ACA003426B5 /* PrimarySecondaryTextCollectionViewCell.swift */,
				E5F686432846C7CC003426B5 /* NamedSectionHeaderView.swift */,
				E51D81E72848A3D0005A22B0 /* LeaderboardHabitCollectionViewCell.swift */,
			);
			path = Views;
			sourceTree = "<group>";
		};
		E571BB16284A80C60088787A /* Models */ = {
			isa = PBXGroup;
			children = (
				E5F6863328469052003426B5 /* Habit.swift */,
				E5F6863528469092003426B5 /* Category.swift */,
				E5F68637284690AD003426B5 /* Color.swift */,
				E5F6863F2846B4D6003426B5 /* Settings.swift */,
				E5F686452846CB8B003426B5 /* User.swift */,
				E5F6864728481085003426B5 /* HabitStatistics.swift */,
				E5F68649284810AD003426B5 /* UserCount.swift */,
				E5F6864B28481E2C003426B5 /* UserStatistics.swift */,
				E5F6864D28481E54003426B5 /* HabitCount.swift */,
				E51D81E5284899B7005A22B0 /* LoggedHabit.swift */,
				E51D81E92848EF1F005A22B0 /* CombinedStats.swift */,
			);
			path = Models;
			sourceTree = "<group>";
		};
		E571BB17284A80CD0088787A /* ViewControllers */ = {
			isa = PBXGroup;
			children = (
				E5F686272846892B003426B5 /* HomeCollectionViewController.swift */,
				E5F6862928468948003426B5 /* HabitCollectionViewController.swift */,
				E5F6862B28468956003426B5 /* UserCollectionViewController.swift */,
				E5F6862D28468969003426B5 /* LogHabitCollectionViewController.swift */,
				E5F6862F28468B1A003426B5 /* HabitDetailViewController.swift */,
				E5F6863128468B34003426B5 /* UserDetailViewController.swift */,
			);
			path = ViewControllers;
			sourceTree = "<group>";
		};
		E5F6860728466D54003426B5 = {
			isa = PBXGroup;
			children = (
				E5F6861228466D54003426B5 /* Habits */,
				E5F6861128466D54003426B5 /* Products */,
			);
			sourceTree = "<group>";
		};
		E5F6861128466D54003426B5 /* Products */ = {
			isa = PBXGroup;
			children = (
				E5F6861028466D54003426B5 /* Habits.app */,
			);
			name = Products;
			sourceTree = "<group>";
		};
		E5F6861228466D54003426B5 /* Habits */ = {
			isa = PBXGroup;
			children = (
				E571BB14284A80AF0088787A /* Requests */,
				E571BB15284A80BA0088787A /* Views */,
				E571BB16284A80C60088787A /* Models */,
				E571BB17284A80CD0088787A /* ViewControllers */,
				E5F6861328466D54003426B5 /* AppDelegate.swift */,
				E5F6861528466D54003426B5 /* SceneDelegate.swift */,
				E5F6861928466D54003426B5 /* Main.storyboard */,
				E5F6861C28466D57003426B5 /* Assets.xcassets */,
				E5F6861E28466D57003426B5 /* LaunchScreen.storyboard */,
				E5F6862128466D57003426B5 /* Info.plist */,
			);
			path = Habits;
			sourceTree = "<group>";
		};
/* End PBXGroup section */

/* Begin PBXNativeTarget section */
		E5F6860F28466D54003426B5 /* Habits */ = {
			isa = PBXNativeTarget;
			buildConfigurationList = E5F6862428466D57003426B5 /* Build configuration list for PBXNativeTarget "Habits" */;
			buildPhases = (
				E5F6860C28466D54003426B5 /* Sources */,
				E5F6860D28466D54003426B5 /* Frameworks */,
				E5F6860E28466D54003426B5 /* Resources */,
			);
			buildRules = (
			);
			dependencies = (
			);
			name = Habits;
			productName = Habits;
			productReference = E5F6861028466D54003426B5 /* Habits.app */;
			productType = "com.apple.product-type.application";
		};
/* End PBXNativeTarget section */

/* Begin PBXProject section */
		E5F6860828466D54003426B5 /* Project object */ = {
			isa = PBXProject;
			attributes = {
				BuildIndependentTargetsInParallel = 1;
				LastSwiftUpdateCheck = 1330;
				LastUpgradeCheck = 1330;
				TargetAttributes = {
					E5F6860F28466D54003426B5 = {
						CreatedOnToolsVersion = 13.3.1;
					};
				};
			};
			buildConfigurationList = E5F6860B28466D54003426B5 /* Build configuration list for PBXProject "Habits" */;
			compatibilityVersion = "Xcode 13.0";
			developmentRegion = en;
			hasScannedForEncodings = 0;
			knownRegions = (
				en,
				Base,
			);
			mainGroup = E5F6860728466D54003426B5;
			productRefGroup = E5F6861128466D54003426B5 /* Products */;
			projectDirPath = "";
			projectRoot = "";
			targets = (
				E5F6860F28466D54003426B5 /* Habits */,
			);
		};
/* End PBXProject section */

/* Begin PBXResourcesBuildPhase section */
		E5F6860E28466D54003426B5 /* Resources */ = {
			isa = PBXResourcesBuildPhase;
			buildActionMask = 2147483647;
			files = (
				E5F6862028466D57003426B5 /* LaunchScreen.storyboard in Resources */,
				E5F6861D28466D57003426B5 /* Assets.xcassets in Resources */,
				E5F6861B28466D54003426B5 /* Main.storyboard in Resources */,
			);
			runOnlyForDeploymentPostprocessing = 0;
		};
/* End PBXResourcesBuildPhase section */

/* Begin PBXSourcesBuildPhase section */
		E5F6860C28466D54003426B5 /* Sources */ = {
			isa = PBXSourcesBuildPhase;
			buildActionMask = 2147483647;
			files = (
				E51D81E82848A3D0005A22B0 /* LeaderboardHabitCollectionViewCell.swift in Sources */,
				E5F6862E28468969003426B5 /* LogHabitCollectionViewController.swift in Sources */,
				E5F6864A284810AD003426B5 /* UserCount.swift in Sources */,
				E5F6863C284698B1003426B5 /* APIServise.swift in Sources */,
				E5F6863A284692A9003426B5 /* APIRequest.swift in Sources */,
				E5F6863228468B34003426B5 /* UserDetailViewController.swift in Sources */,
				E5F686442846C7CC003426B5 /* NamedSectionHeaderView.swift in Sources */,
				E5F6864C28481E2C003426B5 /* UserStatistics.swift in Sources */,
				E5F686282846892B003426B5 /* HomeCollectionViewController.swift in Sources */,
				E5F6864828481085003426B5 /* HabitStatistics.swift in Sources */,
				E5F6864E28481E54003426B5 /* HabitCount.swift in Sources */,
				E5F6862A28468948003426B5 /* HabitCollectionViewController.swift in Sources */,
				E5F68638284690AD003426B5 /* Color.swift in Sources */,
				E5F6863028468B1A003426B5 /* HabitDetailViewController.swift in Sources */,
				E5F6863428469052003426B5 /* Habit.swift in Sources */,
				E5F686402846B4D6003426B5 /* Settings.swift in Sources */,
				E5F6861428466D54003426B5 /* AppDelegate.swift in Sources */,
				E5F686422846B8B2003426B5 /* UICollectionViewDiffableDataSource+ViewModel.swift in Sources */,
				E571BB19284A93100088787A /* SupplementaryItem.swift in Sources */,
				E5F6861628466D54003426B5 /* SceneDelegate.swift in Sources */,
				E5F6863E28469ACA003426B5 /* PrimarySecondaryTextCollectionViewCell.swift in Sources */,
				E5F6862C28468956003426B5 /* UserCollectionViewController.swift in Sources */,
				E5F6863628469092003426B5 /* Category.swift in Sources */,
				E51D81E6284899B7005A22B0 /* LoggedHabit.swift in Sources */,
				E51D81EA2848EF1F005A22B0 /* CombinedStats.swift in Sources */,
				E5F686462846CB8B003426B5 /* User.swift in Sources */,
			);
			runOnlyForDeploymentPostprocessing = 0;
		};
/* End PBXSourcesBuildPhase section */

/* Begin PBXVariantGroup section */
		E5F6861928466D54003426B5 /* Main.storyboard */ = {
			isa = PBXVariantGroup;
			children = (
				E5F6861A28466D54003426B5 /* Base */,
			);
			name = Main.storyboard;
			sourceTree = "<group>";
		};
		E5F6861E28466D57003426B5 /* LaunchScreen.storyboard */ = {
			isa = PBXVariantGroup;
			children = (
				E5F6861F28466D57003426B5 /* Base */,
			);
			name = LaunchScreen.storyboard;
			sourceTree = "<group>";
		};
/* End PBXVariantGroup section */

/* Begin XCBuildConfiguration section */
		E5F6862228466D57003426B5 /* Debug */ = {
			isa = XCBuildConfiguration;
			buildSettings = {
				ALWAYS_SEARCH_USER_PATHS = NO;
				CLANG_ANALYZER_NONNULL = YES;
				CLANG_ANALYZER_NUMBER_OBJECT_CONVERSION = YES_AGGRESSIVE;
				CLANG_CXX_LANGUAGE_STANDARD = "gnu++17";
				CLANG_ENABLE_MODULES = YES;
				CLANG_ENABLE_OBJC_ARC = YES;
				CLANG_ENABLE_OBJC_WEAK = YES;
				CLANG_WARN_BLOCK_CAPTURE_AUTORELEASING = YES;
				CLANG_WARN_BOOL_CONVERSION = YES;
				CLANG_WARN_COMMA = YES;
				CLANG_WARN_CONSTANT_CONVERSION = YES;
				CLANG_WARN_DEPRECATED_OBJC_IMPLEMENTATIONS = YES;
				CLANG_WARN_DIRECT_OBJC_ISA_USAGE = YES_ERROR;
				CLANG_WARN_DOCUMENTATION_COMMENTS = YES;
				CLANG_WARN_EMPTY_BODY = YES;
				CLANG_WARN_ENUM_CONVERSION = YES;
				CLANG_WARN_INFINITE_RECURSION = YES;
				CLANG_WARN_INT_CONVERSION = YES;
				CLANG_WARN_NON_LITERAL_NULL_CONVERSION = YES;
				CLANG_WARN_OBJC_IMPLICIT_RETAIN_SELF = YES;
				CLANG_WARN_OBJC_LITERAL_CONVERSION = YES;
				CLANG_WARN_OBJC_ROOT_CLASS = YES_ERROR;
				CLANG_WARN_QUOTED_INCLUDE_IN_FRAMEWORK_HEADER = YES;
				CLANG_WARN_RANGE_LOOP_ANALYSIS = YES;
				CLANG_WARN_STRICT_PROTOTYPES = YES;
				CLANG_WARN_SUSPICIOUS_MOVE = YES;
				CLANG_WARN_UNGUARDED_AVAILABILITY = YES_AGGRESSIVE;
				CLANG_WARN_UNREACHABLE_CODE = YES;
				CLANG_WARN__DUPLICATE_METHOD_MATCH = YES;
				COPY_PHASE_STRIP = NO;
				DEBUG_INFORMATION_FORMAT = dwarf;
				ENABLE_STRICT_OBJC_MSGSEND = YES;
				ENABLE_TESTABILITY = YES;
				GCC_C_LANGUAGE_STANDARD = gnu11;
				GCC_DYNAMIC_NO_PIC = NO;
				GCC_NO_COMMON_BLOCKS = YES;
				GCC_OPTIMIZATION_LEVEL = 0;
				GCC_PREPROCESSOR_DEFINITIONS = (
					"DEBUG=1",
					"$(inherited)",
				);
				GCC_WARN_64_TO_32_BIT_CONVERSION = YES;
				GCC_WARN_ABOUT_RETURN_TYPE = YES_ERROR;
				GCC_WARN_UNDECLARED_SELECTOR = YES;
				GCC_WARN_UNINITIALIZED_AUTOS = YES_AGGRESSIVE;
				GCC_WARN_UNUSED_FUNCTION = YES;
				GCC_WARN_UNUSED_VARIABLE = YES;
				IPHONEOS_DEPLOYMENT_TARGET = 15.4;
				MTL_ENABLE_DEBUG_INFO = INCLUDE_SOURCE;
				MTL_FAST_MATH = YES;
				ONLY_ACTIVE_ARCH = YES;
				SDKROOT = iphoneos;
				SWIFT_ACTIVE_COMPILATION_CONDITIONS = DEBUG;
				SWIFT_OPTIMIZATION_LEVEL = "-Onone";
			};
			name = Debug;
		};
		E5F6862328466D57003426B5 /* Release */ = {
			isa = XCBuildConfiguration;
			buildSettings = {
				ALWAYS_SEARCH_USER_PATHS = NO;
				CLANG_ANALYZER_NONNULL = YES;
				CLANG_ANALYZER_NUMBER_OBJECT_CONVERSION = YES_AGGRESSIVE;
				CLANG_CXX_LANGUAGE_STANDARD = "gnu++17";
				CLANG_ENABLE_MODULES = YES;
				CLANG_ENABLE_OBJC_ARC = YES;
				CLANG_ENABLE_OBJC_WEAK = YES;
				CLANG_WARN_BLOCK_CAPTURE_AUTORELEASING = YES;
				CLANG_WARN_BOOL_CONVERSION = YES;
				CLANG_WARN_COMMA = YES;
				CLANG_WARN_CONSTANT_CONVERSION = YES;
				CLANG_WARN_DEPRECATED_OBJC_IMPLEMENTATIONS = YES;
				CLANG_WARN_DIRECT_OBJC_ISA_USAGE = YES_ERROR;
				CLANG_WARN_DOCUMENTATION_COMMENTS = YES;
				CLANG_WARN_EMPTY_BODY = YES;
				CLANG_WARN_ENUM_CONVERSION = YES;
				CLANG_WARN_INFINITE_RECURSION = YES;
				CLANG_WARN_INT_CONVERSION = YES;
				CLANG_WARN_NON_LITERAL_NULL_CONVERSION = YES;
				CLANG_WARN_OBJC_IMPLICIT_RETAIN_SELF = YES;
				CLANG_WARN_OBJC_LITERAL_CONVERSION = YES;
				CLANG_WARN_OBJC_ROOT_CLASS = YES_ERROR;
				CLANG_WARN_QUOTED_INCLUDE_IN_FRAMEWORK_HEADER = YES;
				CLANG_WARN_RANGE_LOOP_ANALYSIS = YES;
				CLANG_WARN_STRICT_PROTOTYPES = YES;
				CLANG_WARN_SUSPICIOUS_MOVE = YES;
				CLANG_WARN_UNGUARDED_AVAILABILITY = YES_AGGRESSIVE;
				CLANG_WARN_UNREACHABLE_CODE = YES;
				CLANG_WARN__DUPLICATE_METHOD_MATCH = YES;
				COPY_PHASE_STRIP = NO;
				DEBUG_INFORMATION_FORMAT = "dwarf-with-dsym";
				ENABLE_NS_ASSERTIONS = NO;
				ENABLE_STRICT_OBJC_MSGSEND = YES;
				GCC_C_LANGUAGE_STANDARD = gnu11;
				GCC_NO_COMMON_BLOCKS = YES;
				GCC_WARN_64_TO_32_BIT_CONVERSION = YES;
				GCC_WARN_ABOUT_RETURN_TYPE = YES_ERROR;
				GCC_WARN_UNDECLARED_SELECTOR = YES;
				GCC_WARN_UNINITIALIZED_AUTOS = YES_AGGRESSIVE;
				GCC_WARN_UNUSED_FUNCTION = YES;
				GCC_WARN_UNUSED_VARIABLE = YES;
				IPHONEOS_DEPLOYMENT_TARGET = 15.4;
				MTL_ENABLE_DEBUG_INFO = NO;
				MTL_FAST_MATH = YES;
				SDKROOT = iphoneos;
				SWIFT_COMPILATION_MODE = wholemodule;
				SWIFT_OPTIMIZATION_LEVEL = "-O";
				VALIDATE_PRODUCT = YES;
			};
			name = Release;
		};
		E5F6862528466D57003426B5 /* Debug */ = {
			isa = XCBuildConfiguration;
			buildSettings = {
				ASSETCATALOG_COMPILER_APPICON_NAME = AppIcon;
				ASSETCATALOG_COMPILER_GLOBAL_ACCENT_COLOR_NAME = AccentColor;
				CODE_SIGN_STYLE = Automatic;
				CURRENT_PROJECT_VERSION = 1;
				GENERATE_INFOPLIST_FILE = YES;
				INFOPLIST_FILE = Habits/Info.plist;
				INFOPLIST_KEY_UIApplicationSupportsIndirectInputEvents = YES;
				INFOPLIST_KEY_UILaunchStoryboardName = LaunchScreen;
				INFOPLIST_KEY_UIMainStoryboardFile = Main;
				INFOPLIST_KEY_UISupportedInterfaceOrientations_iPad = "UIInterfaceOrientationPortrait UIInterfaceOrientationPortraitUpsideDown UIInterfaceOrientationLandscapeLeft UIInterfaceOrientationLandscapeRight";
				INFOPLIST_KEY_UISupportedInterfaceOrientations_iPhone = "UIInterfaceOrientationPortrait UIInterfaceOrientationLandscapeLeft UIInterfaceOrientationLandscapeRight";
				LD_RUNPATH_SEARCH_PATHS = (
					"$(inherited)",
					"@executable_path/Frameworks",
				);
				MARKETING_VERSION = 1.0;
				PRODUCT_BUNDLE_IDENTIFIER = com.keijisuzuki.Habits;
				PRODUCT_NAME = "$(TARGET_NAME)";
				SWIFT_EMIT_LOC_STRINGS = YES;
				SWIFT_VERSION = 5.0;
				TARGETED_DEVICE_FAMILY = "1,2";
			};
			name = Debug;
		};
		E5F6862628466D57003426B5 /* Release */ = {
			isa = XCBuildConfiguration;
			buildSettings = {
				ASSETCATALOG_COMPILER_APPICON_NAME = AppIcon;
				ASSETCATALOG_COMPILER_GLOBAL_ACCENT_COLOR_NAME = AccentColor;
				CODE_SIGN_STYLE = Automatic;
				CURRENT_PROJECT_VERSION = 1;
				GENERATE_INFOPLIST_FILE = YES;
				INFOPLIST_FILE = Habits/Info.plist;
				INFOPLIST_KEY_UIApplicationSupportsIndirectInputEvents = YES;
				INFOPLIST_KEY_UILaunchStoryboardName = LaunchScreen;
				INFOPLIST_KEY_UIMainStoryboardFile = Main;
				INFOPLIST_KEY_UISupportedInterfaceOrientations_iPad = "UIInterfaceOrientationPortrait UIInterfaceOrientationPortraitUpsideDown UIInterfaceOrientationLandscapeLeft UIInterfaceOrientationLandscapeRight";
				INFOPLIST_KEY_UISupportedInterfaceOrientations_iPhone = "UIInterfaceOrientationPortrait UIInterfaceOrientationLandscapeLeft UIInterfaceOrientationLandscapeRight";
				LD_RUNPATH_SEARCH_PATHS = (
					"$(inherited)",
					"@executable_path/Frameworks",
				);
				MARKETING_VERSION = 1.0;
				PRODUCT_BUNDLE_IDENTIFIER = com.keijisuzuki.Habits;
				PRODUCT_NAME = "$(TARGET_NAME)";
				SWIFT_EMIT_LOC_STRINGS = YES;
				SWIFT_VERSION = 5.0;
				TARGETED_DEVICE_FAMILY = "1,2";
			};
			name = Release;
		};
/* End XCBuildConfiguration section */

/* Begin XCConfigurationList section */
		E5F6860B28466D54003426B5 /* Build configuration list for PBXProject "Habits" */ = {
			isa = XCConfigurationList;
			buildConfigurations = (
				E5F6862228466D57003426B5 /* Debug */,
				E5F6862328466D57003426B5 /* Release */,
			);
			defaultConfigurationIsVisible = 0;
			defaultConfigurationName = Release;
		};
		E5F6862428466D57003426B5 /* Build configuration list for PBXNativeTarget "Habits" */ = {
			isa = XCConfigurationList;
			buildConfigurations = (
				E5F6862528466D57003426B5 /* Debug */,
				E5F6862628466D57003426B5 /* Release */,
			);
			defaultConfigurationIsVisible = 0;
			defaultConfigurationName = Release;
		};
/* End XCConfigurationList section */
	};
	rootObject = E5F6860828466D54003426B5 /* Project object */;
}
